
Microsoft Visual Studio Solution File, Format Version 12.00
# Visual Studio Version 17
VisualStudioVersion = 17.8.34525.116
MinimumVisualStudioVersion = 10.0.40219.1
Project("{FAE04EC0-301F-11D3-BF4B-00C04F79EFBC}") = "Simple_Raid_Tool", "Simple_Raid_Tool\Simple_Raid_Tool.csproj", "{B5CB5B3E-30FC-4A4D-9607-3C1939F6FAD3}"
EndProject
Global
	GlobalSection(SolutionConfigurationPlatforms) = preSolution
		Debug|Any CPU = Debug|Any CPU
		Release|Any CPU = Release|Any CPU
	EndGlobalSection
	GlobalSection(ProjectConfigurationPlatforms) = postSolution
		{B5CB5B3E-30FC-4A4D-9607-3C1939F6FAD3}.Debug|Any CPU.ActiveCfg = Debug|Any CPU
		{B5CB5B3E-30FC-4A4D-9607-3C1939F6FAD3}.Debug|Any CPU.Build.0 = Debug|Any CPU
		{B5CB5B3E-30FC-4A4D-9607-3C1939F6FAD3}.Release|Any CPU.ActiveCfg = Release|Any CPU
		{B5CB5B3E-30FC-4A4D-9607-3C1939F6FAD3}.Release|Any CPU.Build.0 = Release|Any CPU
	EndGlobalSection
	GlobalSection(SolutionProperties) = preSolution
		HideSolutionNode = FALSE
	EndGlobalSection
	GlobalSection(ExtensibilityGlobals) = postSolution
		SolutionGuid = {429E4E71-1247-4639-8C45-63F5F6E7FC02}
	EndGlobalSection
EndGlobal
